PODS:
  - Masonry (1.0.0)
  - UURCCentralizedTokenView (0.1.0)

DEPENDENCIES:
  - Masonry (= 1.0.0)
  - UURCCentralizedTokenView (from `../`)

EXTERNAL SOURCES:
  UURCCentralizedTokenView:
    :path: ../

SPEC CHECKSUMS:
  Masonry: b529bb169217897b6354d4b56b1fada6d475b13d
  UURCCentralizedTokenView: ca37a2df957f1dca4a8b2d37a0fdffa23739160e

COCOAPODS: 0.39.0
